
Microsoft Visual Studio Solution File, Format Version 12.00
# Visual Studio Version 16
VisualStudioVersion = 16.0.31129.286
MinimumVisualStudioVersion = 10.0.40219.1
Project("{9A19103F-16F7-4668-BE54-9A1E7A4F7556}") = "Data", "Data\Data.csproj", "{48709BE2-108D-4FA0-B247-D59D4FE69324}"
EndProject
Project("{9A19103F-16F7-4668-BE54-9A1E7A4F7556}") = "BackendApi", "BackendApi\BackendApi.csproj", "{01D7121A-48E0-496F-8AF7-F8D891EF7998}"
EndProject
Project("{9A19103F-16F7-4668-BE54-9A1E7A4F7556}") = "ViewModel", "ViewModel\ViewModel.csproj", "{1D733A5C-9779-4843-A5FA-BE6163CF6DD6}"
EndProject
Project("{9A19103F-16F7-4668-BE54-9A1E7A4F7556}") = "Application", "Application\Application.csproj", "{D1F6F952-390E-42D5-ADD9-31C14C38E1C7}"
EndProject
Global
	GlobalSection(SolutionConfigurationPlatforms) = preSolution
		Debug|Any CPU = Debug|Any CPU
		Release|Any CPU = Release|Any CPU
	EndGlobalSection
	GlobalSection(ProjectConfigurationPlatforms) = postSolution
		{48709BE2-108D-4FA0-B247-D59D4FE69324}.Debug|Any CPU.ActiveCfg = Debug|Any CPU
		{48709BE2-108D-4FA0-B247-D59D4FE69324}.Debug|Any CPU.Build.0 = Debug|Any CPU
		{48709BE2-108D-4FA0-B247-D59D4FE69324}.Release|Any CPU.ActiveCfg = Release|Any CPU
		{48709BE2-108D-4FA0-B247-D59D4FE69324}.Release|Any CPU.Build.0 = Release|Any CPU
		{01D7121A-48E0-496F-8AF7-F8D891EF7998}.Debug|Any CPU.ActiveCfg = Debug|Any CPU
		{01D7121A-48E0-496F-8AF7-F8D891EF7998}.Debug|Any CPU.Build.0 = Debug|Any CPU
		{01D7121A-48E0-496F-8AF7-F8D891EF7998}.Release|Any CPU.ActiveCfg = Release|Any CPU
		{01D7121A-48E0-496F-8AF7-F8D891EF7998}.Release|Any CPU.Build.0 = Release|Any CPU
		{1D733A5C-9779-4843-A5FA-BE6163CF6DD6}.Debug|Any CPU.ActiveCfg = Debug|Any CPU
		{1D733A5C-9779-4843-A5FA-BE6163CF6DD6}.Debug|Any CPU.Build.0 = Debug|Any CPU
		{1D733A5C-9779-4843-A5FA-BE6163CF6DD6}.Release|Any CPU.ActiveCfg = Release|Any CPU
		{1D733A5C-9779-4843-A5FA-BE6163CF6DD6}.Release|Any CPU.Build.0 = Release|Any CPU
		{D1F6F952-390E-42D5-ADD9-31C14C38E1C7}.Debug|Any CPU.ActiveCfg = Debug|Any CPU
		{D1F6F952-390E-42D5-ADD9-31C14C38E1C7}.Debug|Any CPU.Build.0 = Debug|Any CPU
		{D1F6F952-390E-42D5-ADD9-31C14C38E1C7}.Release|Any CPU.ActiveCfg = Release|Any CPU
		{D1F6F952-390E-42D5-ADD9-31C14C38E1C7}.Release|Any CPU.Build.0 = Release|Any CPU
	EndGlobalSection
	GlobalSection(SolutionProperties) = preSolution
		HideSolutionNode = FALSE
	EndGlobalSection
	GlobalSection(ExtensibilityGlobals) = postSolution
		SolutionGuid = {4F46F1EA-F872-488C-8FF2-FDD5098E925E}
	EndGlobalSection
EndGlobal
